// !$*UTF8*$!
{
	archiveVersion = 1;
	classes = {
	};
	objectVersion = 46;
	objects = {

/* Begin PBXBuildFile section */
		A919921A1CE059F800E132A7 /* Main.storyboard in Resources */ = {isa = PBXBuildFile; fileRef = A91992181CE059F800E132A7 /* Main.storyboard */; };
		A919921C1CE059F800E132A7 /* Assets.xcassets in Resources */ = {isa = PBXBuildFile; fileRef = A919921B1CE059F800E132A7 /* Assets.xcassets */; };
		A919921F1CE059F800E132A7 /* LaunchScreen.storyboard in Resources */ = {isa = PBXBuildFile; fileRef = A919921D1CE059F800E132A7 /* LaunchScreen.storyboard */; };
		A94ADBFF1CE1E72300A40C54 /* AppDelegate.m in Sources */ = {isa = PBXBuildFile; fileRef = A94ADBF71CE1E72300A40C54 /* AppDelegate.m */; };
		A94ADC001CE1E72300A40C54 /* main.m in Sources */ = {isa = PBXBuildFile; fileRef = A94ADBF81CE1E72300A40C54 /* main.m */; };
		A94ADC011CE1E72300A40C54 /* ViewController.m in Sources */ = {isa = PBXBuildFile; fileRef = A94ADBFC1CE1E72300A40C54 /* ViewController.m */; };
		A94ADC041CE1E7C400A40C54 /* NTListModel.m in Sources */ = {isa = PBXBuildFile; fileRef = A94ADC031CE1E7C400A40C54 /* NTListModel.m */; };
/* End PBXBuildFile section */

/* Begin PBXFileReference section */
		A919920C1CE059F800E132A7 /* STNewsTopic.app */ = {isa = PBXFileReference; explicitFileType = wrapper.application; includeInIndex = 0; path = STNewsTopic.app; sourceTree = BUILT_PRODUCTS_DIR; };
		A91992191CE059F800E132A7 /* Base */ = {isa = PBXFileReference; lastKnownFileType = file.storyboard; name = Base; path = Base.lproj/Main.storyboard; sourceTree = "<group>"; };
		A919921B1CE059F800E132A7 /* Assets.xcassets */ = {isa = PBXFileReference; lastKnownFileType = folder.assetcatalog; path = Assets.xcassets; sourceTree = "<group>"; };
		A919921E1CE059F800E132A7 /* Base */ = {isa = PBXFileReference; lastKnownFileType = file.storyboard; name = Base; path = Base.lproj/LaunchScreen.storyboard; sourceTree = "<group>"; };
		A91992201CE059F800E132A7 /* Info.plist */ = {isa = PBXFileReference; lastKnownFileType = text.plist.xml; path = Info.plist; sourceTree = "<group>"; };
		A94ADBF61CE1E72300A40C54 /* AppDelegate.h */ = {isa = PBXFileReference; fileEncoding = 4; lastKnownFileType = sourcecode.c.h; path = AppDelegate.h; sourceTree = "<group>"; };
		A94ADBF71CE1E72300A40C54 /* AppDelegate.m */ = {isa = PBXFileReference; fileEncoding = 4; lastKnownFileType = sourcecode.c.objc; path = AppDelegate.m; sourceTree = "<group>"; };
		A94ADBF81CE1E72300A40C54 /* main.m */ = {isa = PBXFileReference; fileEncoding = 4; lastKnownFileType = sourcecode.c.objc; path = main.m; sourceTree = "<group>"; };
		A94ADBFB1CE1E72300A40C54 /* ViewController.h */ = {isa = PBXFileReference; fileEncoding = 4; lastKnownFileType = sourcecode.c.h; path = ViewController.h; sourceTree = "<group>"; };
		A94ADBFC1CE1E72300A40C54 /* ViewController.m */ = {isa = PBXFileReference; fileEncoding = 4; lastKnownFileType = sourcecode.c.objc; path = ViewController.m; sourceTree = "<group>"; };
		A94ADC021CE1E7C400A40C54 /* NTListModel.h */ = {isa = PBXFileReference; fileEncoding = 4; lastKnownFileType = sourcecode.c.h; path = NTListModel.h; sourceTree = "<group>"; };
		A94ADC031CE1E7C400A40C54 /* NTListModel.m */ = {isa = PBXFileReference; fileEncoding = 4; lastKnownFileType = sourcecode.c.objc; path = NTListModel.m; sourceTree = "<group>"; };
/* End PBXFileReference section */

/* Begin PBXFrameworksBuildPhase section */
		A91992091CE059F800E132A7 /* Frameworks */ = {
			isa = PBXFrameworksBuildPhase;
			buildActionMask = 2147483647;
			files = (
			);
			runOnlyForDeploymentPostprocessing = 0;
		};
/* End PBXFrameworksBuildPhase section */

/* Begin PBXGroup section */
		A91992031CE059F800E132A7 = {
			isa = PBXGroup;
			children = (
				A919920E1CE059F800E132A7 /* STNewsTopic */,
				A919920D1CE059F800E132A7 /* Products */,
			);
			sourceTree = "<group>";
		};
		A919920D1CE059F800E132A7 /* Products */ = {
			isa = PBXGroup;
			children = (
				A919920C1CE059F800E132A7 /* STNewsTopic.app */,
			);
			name = Products;
			sourceTree = "<group>";
		};
		A919920E1CE059F800E132A7 /* STNewsTopic */ = {
			isa = PBXGroup;
			children = (
				A94ADBF41CE1E72300A40C54 /* Classes */,
				A91992181CE059F800E132A7 /* Main.storyboard */,
				A919921B1CE059F800E132A7 /* Assets.xcassets */,
				A919921D1CE059F800E132A7 /* LaunchScreen.storyboard */,
				A91992201CE059F800E132A7 /* Info.plist */,
				A919920F1CE059F800E132A7 /* Supporting Files */,
			);
			path = STNewsTopic;
			sourceTree = "<group>";
		};
		A919920F1CE059F800E132A7 /* Supporting Files */ = {
			isa = PBXGroup;
			children = (
			);
			name = "Supporting Files";
			sourceTree = "<group>";
		};
		A94ADBF41CE1E72300A40C54 /* Classes */ = {
			isa = PBXGroup;
			children = (
				A94ADBF91CE1E72300A40C54 /* TopicHome */,
				A94ADBF51CE1E72300A40C54 /* Other */,
			);
			path = Classes;
			sourceTree = "<group>";
		};
		A94ADBF51CE1E72300A40C54 /* Other */ = {
			isa = PBXGroup;
			children = (
				A94ADBF61CE1E72300A40C54 /* AppDelegate.h */,
				A94ADBF71CE1E72300A40C54 /* AppDelegate.m */,
				A94ADBF81CE1E72300A40C54 /* main.m */,
			);
			path = Other;
			sourceTree = "<group>";
		};
		A94ADBF91CE1E72300A40C54 /* TopicHome */ = {
			isa = PBXGroup;
			children = (
				A94ADBFA1CE1E72300A40C54 /* Controller */,
				A94ADBFD1CE1E72300A40C54 /* Model */,
				A94ADBFE1CE1E72300A40C54 /* View */,
			);
			name = TopicHome;
			path = "TopicHome(专题主页)";
			sourceTree = "<group>";
		};
		A94ADBFA1CE1E72300A40C54 /* Controller */ = {
			isa = PBXGroup;
			children = (
				A94ADBFB1CE1E72300A40C54 /* ViewController.h */,
				A94ADBFC1CE1E72300A40C54 /* ViewController.m */,
			);
			path = Controller;
			sourceTree = "<group>";
		};
		A94ADBFD1CE1E72300A40C54 /* Model */ = {
			isa = PBXGroup;
			children = (
				A94ADC021CE1E7C400A40C54 /* NTListModel.h */,
				A94ADC031CE1E7C400A40C54 /* NTListModel.m */,
			);
			path = Model;
			sourceTree = "<group>";
		};
		A94ADBFE1CE1E72300A40C54 /* View */ = {
			isa = PBXGroup;
			children = (
			);
			path = View;
			sourceTree = "<group>";
		};
/* End PBXGroup section */

/* Begin PBXNativeTarget section */
		A919920B1CE059F800E132A7 /* STNewsTopic */ = {
			isa = PBXNativeTarget;
			buildConfigurationList = A91992231CE059F800E132A7 /* Build configuration list for PBXNativeTarget "STNewsTopic" */;
			buildPhases = (
				A91992081CE059F800E132A7 /* Sources */,
				A91992091CE059F800E132A7 /* Frameworks */,
				A919920A1CE059F800E132A7 /* Resources */,
			);
			buildRules = (
			);
			dependencies = (
			);
			name = STNewsTopic;
			productName = STNewsTopic;
			productReference = A919920C1CE059F800E132A7 /* STNewsTopic.app */;
			productType = "com.apple.product-type.application";
		};
/* End PBXNativeTarget section */

/* Begin PBXProject section */
		A91992041CE059F800E132A7 /* Project object */ = {
			isa = PBXProject;
			attributes = {
				LastUpgradeCheck = 0730;
				ORGANIZATIONNAME = yanfabu;
				TargetAttributes = {
					A919920B1CE059F800E132A7 = {
						CreatedOnToolsVersion = 7.3;
					};
				};
			};
			buildConfigurationList = A91992071CE059F800E132A7 /* Build configuration list for PBXProject "STNewsTopic" */;
			compatibilityVersion = "Xcode 3.2";
			developmentRegion = English;
			hasScannedForEncodings = 0;
			knownRegions = (
				en,
				Base,
			);
			mainGroup = A91992031CE059F800E132A7;
			productRefGroup = A919920D1CE059F800E132A7 /* Products */;
			projectDirPath = "";
			projectRoot = "";
			targets = (
				A919920B1CE059F800E132A7 /* STNewsTopic */,
			);
		};
/* End PBXProject section */

/* Begin PBXResourcesBuildPhase section */
		A919920A1CE059F800E132A7 /* Resources */ = {
			isa = PBXResourcesBuildPhase;
			buildActionMask = 2147483647;
			files = (
				A919921F1CE059F800E132A7 /* LaunchScreen.storyboard in Resources */,
				A919921C1CE059F800E132A7 /* Assets.xcassets in Resources */,
				A919921A1CE059F800E132A7 /* Main.storyboard in Resources */,
			);
			runOnlyForDeploymentPostprocessing = 0;
		};
/* End PBXResourcesBuildPhase section */

/* Begin PBXSourcesBuildPhase section */
		A91992081CE059F800E132A7 /* Sources */ = {
			isa = PBXSourcesBuildPhase;
			buildActionMask = 2147483647;
			files = (
				A94ADC011CE1E72300A40C54 /* ViewController.m in Sources */,
				A94ADC001CE1E72300A40C54 /* main.m in Sources */,
				A94ADBFF1CE1E72300A40C54 /* AppDelegate.m in Sources */,
				A94ADC041CE1E7C400A40C54 /* NTListModel.m in Sources */,
			);
			runOnlyForDeploymentPostprocessing = 0;
		};
/* End PBXSourcesBuildPhase section */

/* Begin PBXVariantGroup section */
		A91992181CE059F800E132A7 /* Main.storyboard */ = {
			isa = PBXVariantGroup;
			children = (
				A91992191CE059F800E132A7 /* Base */,
			);
			name = Main.storyboard;
			sourceTree = "<group>";
		};
		A919921D1CE059F800E132A7 /* LaunchScreen.storyboard */ = {
			isa = PBXVariantGroup;
			children = (
				A919921E1CE059F800E132A7 /* Base */,
			);
			name = LaunchScreen.storyboard;
			sourceTree = "<group>";
		};
/* End PBXVariantGroup section */

/* Begin XCBuildConfiguration section */
		A91992211CE059F800E132A7 /* Debug */ = {
			isa = XCBuildConfiguration;
			buildSettings = {
				ALWAYS_SEARCH_USER_PATHS = NO;
				CLANG_ANALYZER_NONNULL = YES;
				CLANG_CXX_LANGUAGE_STANDARD = "gnu++0x";
				CLANG_CXX_LIBRARY = "libc++";
				CLANG_ENABLE_MODULES = YES;
				CLANG_ENABLE_OBJC_ARC = YES;
				CLANG_WARN_BOOL_CONVERSION = YES;
				CLANG_WARN_CONSTANT_CONVERSION = YES;
				CLANG_WARN_DIRECT_OBJC_ISA_USAGE = YES_ERROR;
				CLANG_WARN_EMPTY_BODY = YES;
				CLANG_WARN_ENUM_CONVERSION = YES;
				CLANG_WARN_INT_CONVERSION = YES;
				CLANG_WARN_OBJC_ROOT_CLASS = YES_ERROR;
				CLANG_WARN_UNREACHABLE_CODE = YES;
				CLANG_WARN__DUPLICATE_METHOD_MATCH = YES;
				"CODE_SIGN_IDENTITY[sdk=iphoneos*]" = "iPhone Developer";
				COPY_PHASE_STRIP = NO;
				DEBUG_INFORMATION_FORMAT = dwarf;
				ENABLE_STRICT_OBJC_MSGSEND = YES;
				ENABLE_TESTABILITY = YES;
				GCC_C_LANGUAGE_STANDARD = gnu99;
				GCC_DYNAMIC_NO_PIC = NO;
				GCC_NO_COMMON_BLOCKS = YES;
				GCC_OPTIMIZATION_LEVEL = 0;
				GCC_PREPROCESSOR_DEFINITIONS = (
					"DEBUG=1",
					"$(inherited)",
				);
				GCC_WARN_64_TO_32_BIT_CONVERSION = YES;
				GCC_WARN_ABOUT_RETURN_TYPE = YES_ERROR;
				GCC_WARN_UNDECLARED_SELECTOR = YES;
				GCC_WARN_UNINITIALIZED_AUTOS = YES_AGGRESSIVE;
				GCC_WARN_UNUSED_FUNCTION = YES;
				GCC_WARN_UNUSED_VARIABLE = YES;
				IPHONEOS_DEPLOYMENT_TARGET = 9.3;
				MTL_ENABLE_DEBUG_INFO = YES;
				ONLY_ACTIVE_ARCH = YES;
				SDKROOT = iphoneos;
			};
			name = Debug;
		};
		A91992221CE059F800E132A7 /* Release */ = {
			isa = XCBuildConfiguration;
			buildSettings = {
				ALWAYS_SEARCH_USER_PATHS = NO;
				CLANG_ANALYZER_NONNULL = YES;
				CLANG_CXX_LANGUAGE_STANDARD = "gnu++0x";
				CLANG_CXX_LIBRARY = "libc++";
				CLANG_ENABLE_MODULES = YES;
				CLANG_ENABLE_OBJC_ARC = YES;
				CLANG_WARN_BOOL_CONVERSION = YES;
				CLANG_WARN_CONSTANT_CONVERSION = YES;
				CLANG_WARN_DIRECT_OBJC_ISA_USAGE = YES_ERROR;
				CLANG_WARN_EMPTY_BODY = YES;
				CLANG_WARN_ENUM_CONVERSION = YES;
				CLANG_WARN_INT_CONVERSION = YES;
				CLANG_WARN_OBJC_ROOT_CLASS = YES_ERROR;
				CLANG_WARN_UNREACHABLE_CODE = YES;
				CLANG_WARN__DUPLICATE_METHOD_MATCH = YES;
				"CODE_SIGN_IDENTITY[sdk=iphoneos*]" = "iPhone Developer";
				COPY_PHASE_STRIP = NO;
				DEBUG_INFORMATION_FORMAT = "dwarf-with-dsym";
				ENABLE_NS_ASSERTIONS = NO;
				ENABLE_STRICT_OBJC_MSGSEND = YES;
				GCC_C_LANGUAGE_STANDARD = gnu99;
				GCC_NO_COMMON_BLOCKS = YES;
				GCC_WARN_64_TO_32_BIT_CONVERSION = YES;
				GCC_WARN_ABOUT_RETURN_TYPE = YES_ERROR;
				GCC_WARN_UNDECLARED_SELECTOR = YES;
				GCC_WARN_UNINITIALIZED_AUTOS = YES_AGGRESSIVE;
				GCC_WARN_UNUSED_FUNCTION = YES;
				GCC_WARN_UNUSED_VARIABLE = YES;
				IPHONEOS_DEPLOYMENT_TARGET = 9.3;
				MTL_ENABLE_DEBUG_INFO = NO;
				SDKROOT = iphoneos;
				VALIDATE_PRODUCT = YES;
			};
			name = Release;
		};
		A91992241CE059F800E132A7 /* Debug */ = {
			isa = XCBuildConfiguration;
			buildSettings = {
				ASSETCATALOG_COMPILER_APPICON_NAME = AppIcon;
				ASSETCATALOG_COMPILER_LAUNCHIMAGE_NAME = LaunchImage;
				INFOPLIST_FILE = STNewsTopic/Info.plist;
				IPHONEOS_DEPLOYMENT_TARGET = 7.0;
				LD_RUNPATH_SEARCH_PATHS = "$(inherited) @executable_path/Frameworks";
				PRODUCT_BUNDLE_IDENTIFIER = com.cmstop.STNewsTopic;
				PRODUCT_NAME = "$(TARGET_NAME)";
			};
			name = Debug;
		};
		A91992251CE059F800E132A7 /* Release */ = {
			isa = XCBuildConfiguration;
			buildSettings = {
				ASSETCATALOG_COMPILER_APPICON_NAME = AppIcon;
				ASSETCATALOG_COMPILER_LAUNCHIMAGE_NAME = LaunchImage;
				INFOPLIST_FILE = STNewsTopic/Info.plist;
				IPHONEOS_DEPLOYMENT_TARGET = 7.0;
				LD_RUNPATH_SEARCH_PATHS = "$(inherited) @executable_path/Frameworks";
				PRODUCT_BUNDLE_IDENTIFIER = com.cmstop.STNewsTopic;
				PRODUCT_NAME = "$(TARGET_NAME)";
			};
			name = Release;
		};
/* End XCBuildConfiguration section */

/* Begin XCConfigurationList section */
		A91992071CE059F800E132A7 /* Build configuration list for PBXProject "STNewsTopic" */ = {
			isa = XCConfigurationList;
			buildConfigurations = (
				A91992211CE059F800E132A7 /* Debug */,
				A91992221CE059F800E132A7 /* Release */,
			);
			defaultConfigurationIsVisible = 0;
			defaultConfigurationName = Release;
		};
		A91992231CE059F800E132A7 /* Build configuration list for PBXNativeTarget "STNewsTopic" */ = {
			isa = XCConfigurationList;
			buildConfigurations = (
				A91992241CE059F800E132A7 /* Debug */,
				A91992251CE059F800E132A7 /* Release */,
			);
			defaultConfigurationIsVisible = 0;
			defaultConfigurationName = Release;
		};
/* End XCConfigurationList section */
	};
	rootObject = A91992041CE059F800E132A7 /* Project object */;
}
